
Microsoft Visual Studio Solution File, Format Version 12.00
# Visual Studio Version 17
VisualStudioVersion = 17.5.002.0
MinimumVisualStudioVersion = 10.0.40219.1
Project("{9A19103F-16F7-4668-BE54-9A1E7A4F7556}") = "DesafioFundamentos", "DesafioFundamentos\DesafioFundamentos.csproj", "{7CAB7D76-CDFC-4A86-B92D-29FFD4856829}"
EndProject
Global
	GlobalSection(SolutionConfigurationPlatforms) = preSolution
		Debug|Any CPU = Debug|Any CPU
		Release|Any CPU = Release|Any CPU
	EndGlobalSection
	GlobalSection(ProjectConfigurationPlatforms) = postSolution
		{7CAB7D76-CDFC-4A86-B92D-29FFD4856829}.Debug|Any CPU.ActiveCfg = Debug|Any CPU
		{7CAB7D76-CDFC-4A86-B92D-29FFD4856829}.Debug|Any CPU.Build.0 = Debug|Any CPU
		{7CAB7D76-CDFC-4A86-B92D-29FFD4856829}.Release|Any CPU.ActiveCfg = Release|Any CPU
		{7CAB7D76-CDFC-4A86-B92D-29FFD4856829}.Release|Any CPU.Build.0 = Release|Any CPU
	EndGlobalSection
	GlobalSection(SolutionProperties) = preSolution
		HideSolutionNode = FALSE
	EndGlobalSection
	GlobalSection(ExtensibilityGlobals) = postSolution
		SolutionGuid = {BEFCF829-C986-4E7A-B00B-58DA33EA21A6}
	EndGlobalSection
EndGlobal
